
Microsoft Visual Studio Solution File, Format Version 12.00
# Visual Studio 15
Project("{FAE04EC0-301F-11D3-BF4B-00C04F79EFBC}") = "ContosoCustomView.Android", "ContosoCustomView.Android\ContosoCustomView.Android.csproj", "{F6794D95-96DA-4AFF-99CC-B93D4467EAC1}"
EndProject
Project("{FAE04EC0-301F-11D3-BF4B-00C04F79EFBC}") = "ContosoCustomView.iOS", "ContosoCustomView.iOS\ContosoCustomView.iOS.csproj", "{5F5A9135-208A-4032-B132-FE89C8BF2775}"
EndProject
Project("{FAE04EC0-301F-11D3-BF4B-00C04F79EFBC}") = "ContosoCustomView", "ContosoCustomView\ContosoCustomView.csproj", "{26046401-E9C5-4B00-A6EA-E0F9978CE6EB}"
EndProject
Global
	GlobalSection(SolutionConfigurationPlatforms) = preSolution
		Debug|Any CPU = Debug|Any CPU
		Release|Any CPU = Release|Any CPU
		Debug|iPhoneSimulator = Debug|iPhoneSimulator
		Release|iPhoneSimulator = Release|iPhoneSimulator
		Debug|iPhone = Debug|iPhone
		Release|iPhone = Release|iPhone
	EndGlobalSection
	GlobalSection(ProjectConfigurationPlatforms) = postSolution
		{F6794D95-96DA-4AFF-99CC-B93D4467EAC1}.Debug|Any CPU.ActiveCfg = Debug|Any CPU
		{F6794D95-96DA-4AFF-99CC-B93D4467EAC1}.Debug|Any CPU.Build.0 = Debug|Any CPU
		{F6794D95-96DA-4AFF-99CC-B93D4467EAC1}.Release|Any CPU.ActiveCfg = Release|Any CPU
		{F6794D95-96DA-4AFF-99CC-B93D4467EAC1}.Release|Any CPU.Build.0 = Release|Any CPU
		{F6794D95-96DA-4AFF-99CC-B93D4467EAC1}.Debug|iPhoneSimulator.ActiveCfg = Debug|Any CPU
		{F6794D95-96DA-4AFF-99CC-B93D4467EAC1}.Debug|iPhoneSimulator.Build.0 = Debug|Any CPU
		{F6794D95-96DA-4AFF-99CC-B93D4467EAC1}.Release|iPhoneSimulator.ActiveCfg = Release|Any CPU
		{F6794D95-96DA-4AFF-99CC-B93D4467EAC1}.Release|iPhoneSimulator.Build.0 = Release|Any CPU
		{F6794D95-96DA-4AFF-99CC-B93D4467EAC1}.Debug|iPhone.ActiveCfg = Debug|Any CPU
		{F6794D95-96DA-4AFF-99CC-B93D4467EAC1}.Debug|iPhone.Build.0 = Debug|Any CPU
		{F6794D95-96DA-4AFF-99CC-B93D4467EAC1}.Release|iPhone.ActiveCfg = Release|Any CPU
		{F6794D95-96DA-4AFF-99CC-B93D4467EAC1}.Release|iPhone.Build.0 = Release|Any CPU
		{5F5A9135-208A-4032-B132-FE89C8BF2775}.Debug|Any CPU.ActiveCfg = Debug|iPhoneSimulator
		{5F5A9135-208A-4032-B132-FE89C8BF2775}.Debug|Any CPU.Build.0 = Debug|iPhoneSimulator
		{5F5A9135-208A-4032-B132-FE89C8BF2775}.Release|Any CPU.ActiveCfg = Release|iPhoneSimulator
		{5F5A9135-208A-4032-B132-FE89C8BF2775}.Release|Any CPU.Build.0 = Release|iPhoneSimulator
		{5F5A9135-208A-4032-B132-FE89C8BF2775}.Debug|iPhoneSimulator.ActiveCfg = Debug|iPhoneSimulator
		{5F5A9135-208A-4032-B132-FE89C8BF2775}.Debug|iPhoneSimulator.Build.0 = Debug|iPhoneSimulator
		{5F5A9135-208A-4032-B132-FE89C8BF2775}.Release|iPhoneSimulator.ActiveCfg = Release|iPhoneSimulator
		{5F5A9135-208A-4032-B132-FE89C8BF2775}.Release|iPhoneSimulator.Build.0 = Release|iPhoneSimulator
		{5F5A9135-208A-4032-B132-FE89C8BF2775}.Debug|iPhone.ActiveCfg = Debug|iPhone
		{5F5A9135-208A-4032-B132-FE89C8BF2775}.Debug|iPhone.Build.0 = Debug|iPhone
		{5F5A9135-208A-4032-B132-FE89C8BF2775}.Release|iPhone.ActiveCfg = Release|iPhone
		{5F5A9135-208A-4032-B132-FE89C8BF2775}.Release|iPhone.Build.0 = Release|iPhone
		{26046401-E9C5-4B00-A6EA-E0F9978CE6EB}.Debug|Any CPU.ActiveCfg = Debug|Any CPU
		{26046401-E9C5-4B00-A6EA-E0F9978CE6EB}.Debug|Any CPU.Build.0 = Debug|Any CPU
		{26046401-E9C5-4B00-A6EA-E0F9978CE6EB}.Release|Any CPU.ActiveCfg = Release|Any CPU
		{26046401-E9C5-4B00-A6EA-E0F9978CE6EB}.Release|Any CPU.Build.0 = Release|Any CPU
		{26046401-E9C5-4B00-A6EA-E0F9978CE6EB}.Debug|iPhoneSimulator.ActiveCfg = Debug|Any CPU
		{26046401-E9C5-4B00-A6EA-E0F9978CE6EB}.Debug|iPhoneSimulator.Build.0 = Debug|Any CPU
		{26046401-E9C5-4B00-A6EA-E0F9978CE6EB}.Release|iPhoneSimulator.ActiveCfg = Release|Any CPU
		{26046401-E9C5-4B00-A6EA-E0F9978CE6EB}.Release|iPhoneSimulator.Build.0 = Release|Any CPU
		{26046401-E9C5-4B00-A6EA-E0F9978CE6EB}.Debug|iPhone.ActiveCfg = Debug|Any CPU
		{26046401-E9C5-4B00-A6EA-E0F9978CE6EB}.Debug|iPhone.Build.0 = Debug|Any CPU
		{26046401-E9C5-4B00-A6EA-E0F9978CE6EB}.Release|iPhone.ActiveCfg = Release|Any CPU
		{26046401-E9C5-4B00-A6EA-E0F9978CE6EB}.Release|iPhone.Build.0 = Release|Any CPU
	EndGlobalSection
EndGlobal
