Microsoft Visual Studio Solution File, Format Version 12.00
# Visual Studio Version 16
VisualStudioVersion = 16.0.29926.136
MinimumVisualStudioVersion = 10.0.40219.1
Project("{FAE04EC0-301F-11D3-BF4B-00C04F79EFBC}") = "ContosoCustomView.Android", "ContosoCustomView.Android\ContosoCustomView.Android.csproj", "{F6794D95-96DA-4AFF-99CC-B93D4467EAC1}"
EndProject
Project("{FAE04EC0-301F-11D3-BF4B-00C04F79EFBC}") = "ContosoCustomView.iOS", "ContosoCustomView.iOS\ContosoCustomView.iOS.csproj", "{5F5A9135-208A-4032-B132-FE89C8BF2775}"
EndProject
Project("{9A19103F-16F7-4668-BE54-9A1E7A4F7556}") = "ContosoCustomView", "ContosoCustomView\ContosoCustomView.csproj", "{26046401-E9C5-4B00-A6EA-E0F9978CE6EB}"
EndProject
Project("{FAE04EC0-301F-11D3-BF4B-00C04F79EFBC}") = "AndroidDummyAppBinding", "..\Android Projects\AndroidDummyAppBinding\AndroidDummyAppBinding.csproj", "{E76B7137-5565-4FB9-8A61-F6CB41AFE9BE}"
EndProject
Project("{2150E333-8FDC-42A3-9474-1A3956D46DE8}") = "Android Projects", "Android Projects", "{3722D6EB-0CBF-4C27-99F0-2FA67B7542BE}"
EndProject
Project("{2150E333-8FDC-42A3-9474-1A3956D46DE8}") = "iOS Projects", "iOS Projects", "{8F5A8ADC-753F-47CE-B1A0-2067BD6D323E}"
EndProject
Project("{2150E333-8FDC-42A3-9474-1A3956D46DE8}") = "Xamarin", "Xamarin", "{7FAAB026-2A99-49DD-B985-4B351C6CBAE5}"
EndProject
Project("{FAE04EC0-301F-11D3-BF4B-00C04F79EFBC}") = "iOSDummyAppBinding", "..\iOS Projects\iOSDummyAppBinding\iOSDummyAppBinding.csproj", "{17331A5A-1F95-4707-8C0D-2C7EDBCA1177}"
EndProject
Global
	GlobalSection(SolutionConfigurationPlatforms) = preSolution
		Debug|Any CPU = Debug|Any CPU
		Debug|iPhone = Debug|iPhone
		Debug|iPhoneSimulator = Debug|iPhoneSimulator
		Release|Any CPU = Release|Any CPU
		Release|iPhone = Release|iPhone
		Release|iPhoneSimulator = Release|iPhoneSimulator
	EndGlobalSection
	GlobalSection(ProjectConfigurationPlatforms) = postSolution
		{F6794D95-96DA-4AFF-99CC-B93D4467EAC1}.Debug|Any CPU.ActiveCfg = Debug|Any CPU
		{F6794D95-96DA-4AFF-99CC-B93D4467EAC1}.Debug|Any CPU.Build.0 = Debug|Any CPU
		{F6794D95-96DA-4AFF-99CC-B93D4467EAC1}.Debug|Any CPU.Deploy.0 = Debug|Any CPU
		{F6794D95-96DA-4AFF-99CC-B93D4467EAC1}.Debug|iPhone.ActiveCfg = Debug|Any CPU
		{F6794D95-96DA-4AFF-99CC-B93D4467EAC1}.Debug|iPhone.Build.0 = Debug|Any CPU
		{F6794D95-96DA-4AFF-99CC-B93D4467EAC1}.Debug|iPhoneSimulator.ActiveCfg = Debug|Any CPU
		{F6794D95-96DA-4AFF-99CC-B93D4467EAC1}.Debug|iPhoneSimulator.Build.0 = Debug|Any CPU
		{F6794D95-96DA-4AFF-99CC-B93D4467EAC1}.Release|Any CPU.ActiveCfg = Release|Any CPU
		{F6794D95-96DA-4AFF-99CC-B93D4467EAC1}.Release|Any CPU.Build.0 = Release|Any CPU
		{F6794D95-96DA-4AFF-99CC-B93D4467EAC1}.Release|iPhone.ActiveCfg = Release|Any CPU
		{F6794D95-96DA-4AFF-99CC-B93D4467EAC1}.Release|iPhone.Build.0 = Release|Any CPU
		{F6794D95-96DA-4AFF-99CC-B93D4467EAC1}.Release|iPhoneSimulator.ActiveCfg = Release|Any CPU
		{F6794D95-96DA-4AFF-99CC-B93D4467EAC1}.Release|iPhoneSimulator.Build.0 = Release|Any CPU
		{5F5A9135-208A-4032-B132-FE89C8BF2775}.Debug|Any CPU.ActiveCfg = Debug|iPhoneSimulator
		{5F5A9135-208A-4032-B132-FE89C8BF2775}.Debug|Any CPU.Build.0 = Debug|iPhoneSimulator
		{5F5A9135-208A-4032-B132-FE89C8BF2775}.Debug|iPhone.ActiveCfg = Debug|iPhone
		{5F5A9135-208A-4032-B132-FE89C8BF2775}.Debug|iPhone.Build.0 = Debug|iPhone
		{5F5A9135-208A-4032-B132-FE89C8BF2775}.Debug|iPhoneSimulator.ActiveCfg = Debug|iPhoneSimulator
		{5F5A9135-208A-4032-B132-FE89C8BF2775}.Debug|iPhoneSimulator.Build.0 = Debug|iPhoneSimulator
		{5F5A9135-208A-4032-B132-FE89C8BF2775}.Release|Any CPU.ActiveCfg = Release|iPhoneSimulator
		{5F5A9135-208A-4032-B132-FE89C8BF2775}.Release|Any CPU.Build.0 = Release|iPhoneSimulator
		{5F5A9135-208A-4032-B132-FE89C8BF2775}.Release|iPhone.ActiveCfg = Release|iPhone
		{5F5A9135-208A-4032-B132-FE89C8BF2775}.Release|iPhone.Build.0 = Release|iPhone
		{5F5A9135-208A-4032-B132-FE89C8BF2775}.Release|iPhoneSimulator.ActiveCfg = Release|iPhoneSimulator
		{5F5A9135-208A-4032-B132-FE89C8BF2775}.Release|iPhoneSimulator.Build.0 = Release|iPhoneSimulator
		{26046401-E9C5-4B00-A6EA-E0F9978CE6EB}.Debug|Any CPU.ActiveCfg = Debug|Any CPU
		{26046401-E9C5-4B00-A6EA-E0F9978CE6EB}.Debug|Any CPU.Build.0 = Debug|Any CPU
		{26046401-E9C5-4B00-A6EA-E0F9978CE6EB}.Debug|iPhone.ActiveCfg = Debug|Any CPU
		{26046401-E9C5-4B00-A6EA-E0F9978CE6EB}.Debug|iPhone.Build.0 = Debug|Any CPU
		{26046401-E9C5-4B00-A6EA-E0F9978CE6EB}.Debug|iPhoneSimulator.ActiveCfg = Debug|Any CPU
		{26046401-E9C5-4B00-A6EA-E0F9978CE6EB}.Debug|iPhoneSimulator.Build.0 = Debug|Any CPU
		{26046401-E9C5-4B00-A6EA-E0F9978CE6EB}.Release|Any CPU.ActiveCfg = Release|Any CPU
		{26046401-E9C5-4B00-A6EA-E0F9978CE6EB}.Release|Any CPU.Build.0 = Release|Any CPU
		{26046401-E9C5-4B00-A6EA-E0F9978CE6EB}.Release|iPhone.ActiveCfg = Release|Any CPU
		{26046401-E9C5-4B00-A6EA-E0F9978CE6EB}.Release|iPhone.Build.0 = Release|Any CPU
		{26046401-E9C5-4B00-A6EA-E0F9978CE6EB}.Release|iPhoneSimulator.ActiveCfg = Release|Any CPU
		{26046401-E9C5-4B00-A6EA-E0F9978CE6EB}.Release|iPhoneSimulator.Build.0 = Release|Any CPU
		{E76B7137-5565-4FB9-8A61-F6CB41AFE9BE}.Debug|Any CPU.ActiveCfg = Debug|Any CPU
		{E76B7137-5565-4FB9-8A61-F6CB41AFE9BE}.Debug|Any CPU.Build.0 = Debug|Any CPU
		{E76B7137-5565-4FB9-8A61-F6CB41AFE9BE}.Debug|iPhone.ActiveCfg = Debug|Any CPU
		{E76B7137-5565-4FB9-8A61-F6CB41AFE9BE}.Debug|iPhone.Build.0 = Debug|Any CPU
		{E76B7137-5565-4FB9-8A61-F6CB41AFE9BE}.Debug|iPhoneSimulator.ActiveCfg = Debug|Any CPU
		{E76B7137-5565-4FB9-8A61-F6CB41AFE9BE}.Debug|iPhoneSimulator.Build.0 = Debug|Any CPU
		{E76B7137-5565-4FB9-8A61-F6CB41AFE9BE}.Release|Any CPU.ActiveCfg = Release|Any CPU
		{E76B7137-5565-4FB9-8A61-F6CB41AFE9BE}.Release|Any CPU.Build.0 = Release|Any CPU
		{E76B7137-5565-4FB9-8A61-F6CB41AFE9BE}.Release|iPhone.ActiveCfg = Release|Any CPU
		{E76B7137-5565-4FB9-8A61-F6CB41AFE9BE}.Release|iPhone.Build.0 = Release|Any CPU
		{E76B7137-5565-4FB9-8A61-F6CB41AFE9BE}.Release|iPhoneSimulator.ActiveCfg = Release|Any CPU
		{E76B7137-5565-4FB9-8A61-F6CB41AFE9BE}.Release|iPhoneSimulator.Build.0 = Release|Any CPU
		{17331A5A-1F95-4707-8C0D-2C7EDBCA1177}.Debug|Any CPU.ActiveCfg = Debug|Any CPU
		{17331A5A-1F95-4707-8C0D-2C7EDBCA1177}.Debug|Any CPU.Build.0 = Debug|Any CPU
		{17331A5A-1F95-4707-8C0D-2C7EDBCA1177}.Debug|iPhone.ActiveCfg = Debug|Any CPU
		{17331A5A-1F95-4707-8C0D-2C7EDBCA1177}.Debug|iPhone.Build.0 = Debug|Any CPU
		{17331A5A-1F95-4707-8C0D-2C7EDBCA1177}.Debug|iPhoneSimulator.ActiveCfg = Debug|Any CPU
		{17331A5A-1F95-4707-8C0D-2C7EDBCA1177}.Debug|iPhoneSimulator.Build.0 = Debug|Any CPU
		{17331A5A-1F95-4707-8C0D-2C7EDBCA1177}.Release|Any CPU.ActiveCfg = Release|Any CPU
		{17331A5A-1F95-4707-8C0D-2C7EDBCA1177}.Release|Any CPU.Build.0 = Release|Any CPU
		{17331A5A-1F95-4707-8C0D-2C7EDBCA1177}.Release|iPhone.ActiveCfg = Release|Any CPU
		{17331A5A-1F95-4707-8C0D-2C7EDBCA1177}.Release|iPhone.Build.0 = Release|Any CPU
		{17331A5A-1F95-4707-8C0D-2C7EDBCA1177}.Release|iPhoneSimulator.ActiveCfg = Release|Any CPU
		{17331A5A-1F95-4707-8C0D-2C7EDBCA1177}.Release|iPhoneSimulator.Build.0 = Release|Any CPU
	EndGlobalSection
	GlobalSection(SolutionProperties) = preSolution
		HideSolutionNode = FALSE
	EndGlobalSection
	GlobalSection(NestedProjects) = preSolution
		{F6794D95-96DA-4AFF-99CC-B93D4467EAC1} = {3722D6EB-0CBF-4C27-99F0-2FA67B7542BE}
		{5F5A9135-208A-4032-B132-FE89C8BF2775} = {8F5A8ADC-753F-47CE-B1A0-2067BD6D323E}
		{26046401-E9C5-4B00-A6EA-E0F9978CE6EB} = {7FAAB026-2A99-49DD-B985-4B351C6CBAE5}
		{E76B7137-5565-4FB9-8A61-F6CB41AFE9BE} = {3722D6EB-0CBF-4C27-99F0-2FA67B7542BE}
		{17331A5A-1F95-4707-8C0D-2C7EDBCA1177} = {8F5A8ADC-753F-47CE-B1A0-2067BD6D323E}
	EndGlobalSection
	GlobalSection(ExtensibilityGlobals) = postSolution
		SolutionGuid = {92064D32-2640-4879-A156-8AE997033333}
	EndGlobalSection
EndGlobal
